
Microsoft Visual Studio Solution File, Format Version 12.00
# Visual Studio Version 16
VisualStudioVersion = 16.0.30711.63
MinimumVisualStudioVersion = 10.0.40219.1
Project("{FAE04EC0-301F-11D3-BF4B-00C04F79EFBC}") = "MobileApp.Android", "MobileApp\MobileApp.Android\MobileApp.Android.csproj", "{D7A067FC-0E18-47A1-BA97-613D6A129440}"
EndProject
Project("{FAE04EC0-301F-11D3-BF4B-00C04F79EFBC}") = "MobileApp.iOS", "MobileApp\MobileApp.iOS\MobileApp.iOS.csproj", "{B4E06A12-C666-49E6-95F5-6C59C3456249}"
EndProject
Project("{FAE04EC0-301F-11D3-BF4B-00C04F79EFBC}") = "MobileApp", "MobileApp\MobileApp\MobileApp.csproj", "{A9DBE2E8-43D9-45EE-BB53-02B5A8931126}"
EndProject
Global
	GlobalSection(SolutionConfigurationPlatforms) = preSolution
		Debug|Any CPU = Debug|Any CPU
		Debug|iPhone = Debug|iPhone
		Debug|iPhoneSimulator = Debug|iPhoneSimulator
		Release|Any CPU = Release|Any CPU
		Release|iPhone = Release|iPhone
		Release|iPhoneSimulator = Release|iPhoneSimulator
	EndGlobalSection
	GlobalSection(ProjectConfigurationPlatforms) = postSolution
		{D7A067FC-0E18-47A1-BA97-613D6A129440}.Debug|Any CPU.ActiveCfg = Debug|Any CPU
		{D7A067FC-0E18-47A1-BA97-613D6A129440}.Debug|Any CPU.Build.0 = Debug|Any CPU
		{D7A067FC-0E18-47A1-BA97-613D6A129440}.Debug|Any CPU.Deploy.0 = Debug|Any CPU
		{D7A067FC-0E18-47A1-BA97-613D6A129440}.Debug|iPhone.ActiveCfg = Debug|Any CPU
		{D7A067FC-0E18-47A1-BA97-613D6A129440}.Debug|iPhone.Build.0 = Debug|Any CPU
		{D7A067FC-0E18-47A1-BA97-613D6A129440}.Debug|iPhone.Deploy.0 = Debug|Any CPU
		{D7A067FC-0E18-47A1-BA97-613D6A129440}.Debug|iPhoneSimulator.ActiveCfg = Debug|Any CPU
		{D7A067FC-0E18-47A1-BA97-613D6A129440}.Debug|iPhoneSimulator.Build.0 = Debug|Any CPU
		{D7A067FC-0E18-47A1-BA97-613D6A129440}.Debug|iPhoneSimulator.Deploy.0 = Debug|Any CPU
		{D7A067FC-0E18-47A1-BA97-613D6A129440}.Release|Any CPU.ActiveCfg = Release|Any CPU
		{D7A067FC-0E18-47A1-BA97-613D6A129440}.Release|Any CPU.Build.0 = Release|Any CPU
		{D7A067FC-0E18-47A1-BA97-613D6A129440}.Release|Any CPU.Deploy.0 = Release|Any CPU
		{D7A067FC-0E18-47A1-BA97-613D6A129440}.Release|iPhone.ActiveCfg = Release|Any CPU
		{D7A067FC-0E18-47A1-BA97-613D6A129440}.Release|iPhone.Build.0 = Release|Any CPU
		{D7A067FC-0E18-47A1-BA97-613D6A129440}.Release|iPhone.Deploy.0 = Release|Any CPU
		{D7A067FC-0E18-47A1-BA97-613D6A129440}.Release|iPhoneSimulator.ActiveCfg = Release|Any CPU
		{D7A067FC-0E18-47A1-BA97-613D6A129440}.Release|iPhoneSimulator.Build.0 = Release|Any CPU
		{D7A067FC-0E18-47A1-BA97-613D6A129440}.Release|iPhoneSimulator.Deploy.0 = Release|Any CPU
		{B4E06A12-C666-49E6-95F5-6C59C3456249}.Debug|Any CPU.ActiveCfg = Debug|iPhone
		{B4E06A12-C666-49E6-95F5-6C59C3456249}.Debug|Any CPU.Build.0 = Debug|iPhone
		{B4E06A12-C666-49E6-95F5-6C59C3456249}.Debug|Any CPU.Deploy.0 = Debug|iPhone
		{B4E06A12-C666-49E6-95F5-6C59C3456249}.Debug|iPhone.ActiveCfg = Debug|iPhone
		{B4E06A12-C666-49E6-95F5-6C59C3456249}.Debug|iPhone.Build.0 = Debug|iPhone
		{B4E06A12-C666-49E6-95F5-6C59C3456249}.Debug|iPhone.Deploy.0 = Debug|iPhone
		{B4E06A12-C666-49E6-95F5-6C59C3456249}.Debug|iPhoneSimulator.ActiveCfg = Debug|iPhoneSimulator
		{B4E06A12-C666-49E6-95F5-6C59C3456249}.Debug|iPhoneSimulator.Build.0 = Debug|iPhoneSimulator
		{B4E06A12-C666-49E6-95F5-6C59C3456249}.Debug|iPhoneSimulator.Deploy.0 = Debug|iPhoneSimulator
		{B4E06A12-C666-49E6-95F5-6C59C3456249}.Release|Any CPU.ActiveCfg = Release|iPhoneSimulator
		{B4E06A12-C666-49E6-95F5-6C59C3456249}.Release|Any CPU.Build.0 = Release|iPhoneSimulator
		{B4E06A12-C666-49E6-95F5-6C59C3456249}.Release|Any CPU.Deploy.0 = Release|iPhoneSimulator
		{B4E06A12-C666-49E6-95F5-6C59C3456249}.Release|iPhone.ActiveCfg = Release|iPhone
		{B4E06A12-C666-49E6-95F5-6C59C3456249}.Release|iPhone.Build.0 = Release|iPhone
		{B4E06A12-C666-49E6-95F5-6C59C3456249}.Release|iPhone.Deploy.0 = Release|iPhone
		{B4E06A12-C666-49E6-95F5-6C59C3456249}.Release|iPhoneSimulator.ActiveCfg = Release|iPhoneSimulator
		{B4E06A12-C666-49E6-95F5-6C59C3456249}.Release|iPhoneSimulator.Build.0 = Release|iPhoneSimulator
		{B4E06A12-C666-49E6-95F5-6C59C3456249}.Release|iPhoneSimulator.Deploy.0 = Release|iPhoneSimulator
		{A9DBE2E8-43D9-45EE-BB53-02B5A8931126}.Debug|Any CPU.ActiveCfg = Debug|Any CPU
		{A9DBE2E8-43D9-45EE-BB53-02B5A8931126}.Debug|Any CPU.Build.0 = Debug|Any CPU
		{A9DBE2E8-43D9-45EE-BB53-02B5A8931126}.Debug|Any CPU.Deploy.0 = Debug|Any CPU
		{A9DBE2E8-43D9-45EE-BB53-02B5A8931126}.Debug|iPhone.ActiveCfg = Debug|Any CPU
		{A9DBE2E8-43D9-45EE-BB53-02B5A8931126}.Debug|iPhone.Build.0 = Debug|Any CPU
		{A9DBE2E8-43D9-45EE-BB53-02B5A8931126}.Debug|iPhone.Deploy.0 = Debug|Any CPU
		{A9DBE2E8-43D9-45EE-BB53-02B5A8931126}.Debug|iPhoneSimulator.ActiveCfg = Debug|Any CPU
		{A9DBE2E8-43D9-45EE-BB53-02B5A8931126}.Debug|iPhoneSimulator.Build.0 = Debug|Any CPU
		{A9DBE2E8-43D9-45EE-BB53-02B5A8931126}.Debug|iPhoneSimulator.Deploy.0 = Debug|Any CPU
		{A9DBE2E8-43D9-45EE-BB53-02B5A8931126}.Release|Any CPU.ActiveCfg = Release|Any CPU
		{A9DBE2E8-43D9-45EE-BB53-02B5A8931126}.Release|Any CPU.Build.0 = Release|Any CPU
		{A9DBE2E8-43D9-45EE-BB53-02B5A8931126}.Release|Any CPU.Deploy.0 = Release|Any CPU
		{A9DBE2E8-43D9-45EE-BB53-02B5A8931126}.Release|iPhone.ActiveCfg = Release|Any CPU
		{A9DBE2E8-43D9-45EE-BB53-02B5A8931126}.Release|iPhone.Build.0 = Release|Any CPU
		{A9DBE2E8-43D9-45EE-BB53-02B5A8931126}.Release|iPhone.Deploy.0 = Release|Any CPU
		{A9DBE2E8-43D9-45EE-BB53-02B5A8931126}.Release|iPhoneSimulator.ActiveCfg = Release|Any CPU
		{A9DBE2E8-43D9-45EE-BB53-02B5A8931126}.Release|iPhoneSimulator.Build.0 = Release|Any CPU
		{A9DBE2E8-43D9-45EE-BB53-02B5A8931126}.Release|iPhoneSimulator.Deploy.0 = Release|Any CPU
	EndGlobalSection
	GlobalSection(SolutionProperties) = preSolution
		HideSolutionNode = FALSE
	EndGlobalSection
	GlobalSection(ExtensibilityGlobals) = postSolution
		SolutionGuid = {D5718183-01DF-40CF-AFD2-C858534BA767}
	EndGlobalSection
EndGlobal
